
Microsoft Visual Studio Solution File, Format Version 12.00
# Visual Studio Version 16
VisualStudioVersion = 16.0.31424.327
MinimumVisualStudioVersion = 10.0.40219.1
Project("{2150E333-8FDC-42A3-9474-1A3956D46DE8}") = "Movimentacao", "Movimentacao", "{F08AF644-019C-4A53-9AE1-2A1FBCD12E7D}"
EndProject
Project("{2150E333-8FDC-42A3-9474-1A3956D46DE8}") = "Processamento", "Processamento", "{9EDB4E1F-25E4-43EC-A8F4-2775E08BAAB3}"
EndProject
Project("{2150E333-8FDC-42A3-9474-1A3956D46DE8}") = "WebApp", "WebApp", "{619BC5EE-2998-4200-B965-65F6D5F474E1}"
EndProject
Project("{FAE04EC0-301F-11D3-BF4B-00C04F79EFBC}") = "ContabilizaJa.Movimentacao.Application", "src\ContabilizaJa.Movimentacao.Application\ContabilizaJa.Movimentacao.Application.csproj", "{05648105-20DB-4BF0-B632-238C0F1A7EAE}"
EndProject
Project("{FAE04EC0-301F-11D3-BF4B-00C04F79EFBC}") = "ContabilizaJa.Movimentacao.Domain", "src\ContabilizaJa.Movimentacao.Domain\ContabilizaJa.Movimentacao.Domain.csproj", "{28418D65-3D88-4F50-8BC3-F040B816A07F}"
EndProject
Project("{FAE04EC0-301F-11D3-BF4B-00C04F79EFBC}") = "ContabilizaJa.Movimentacao.Service", "src\ContabilizaJa.Movimentacao.Service\ContabilizaJa.Movimentacao.Service.csproj", "{031695FB-E653-49B6-A5B8-A75ABB7DFCB6}"
EndProject
Project("{FAE04EC0-301F-11D3-BF4B-00C04F79EFBC}") = "ContabilizaJa.Movimentacao.Data", "src\ContabilizaJa.Movimentacao.Data\ContabilizaJa.Movimentacao.Data.csproj", "{B21CB160-4360-41DC-BD18-97C7254C5206}"
EndProject
Project("{FAE04EC0-301F-11D3-BF4B-00C04F79EFBC}") = "ContabilizaJa.Processamento.Application", "src\ContabilizaJa.Processamento.Application\ContabilizaJa.Processamento.Application.csproj", "{7D189725-9061-48B8-9C76-FA5EA509DA65}"
EndProject
Project("{FAE04EC0-301F-11D3-BF4B-00C04F79EFBC}") = "ContabilizaJa.Processamento.CrossCutting", "src\ContabilizaJa.Processamento.CrossCutting\ContabilizaJa.Processamento.CrossCutting.csproj", "{33F90D68-51F1-49AD-A5DA-2F055BA22BD0}"
EndProject
Project("{FAE04EC0-301F-11D3-BF4B-00C04F79EFBC}") = "ContabilizaJa.Processamento.Domain", "src\ContabilizaJa.Processamento.Domain\ContabilizaJa.Processamento.Domain.csproj", "{2E285087-A763-42E8-82DE-48DD6B9323A2}"
EndProject
Project("{FAE04EC0-301F-11D3-BF4B-00C04F79EFBC}") = "ContabilizaJa.WebApp", "src\ContabilizaJa.WebApp\ContabilizaJa.WebApp.csproj", "{4EA61110-1C68-4C5C-BD9F-DE543053D51F}"
EndProject
Global
	GlobalSection(SolutionConfigurationPlatforms) = preSolution
		Debug|Any CPU = Debug|Any CPU
		Release|Any CPU = Release|Any CPU
	EndGlobalSection
	GlobalSection(ProjectConfigurationPlatforms) = postSolution
		{05648105-20DB-4BF0-B632-238C0F1A7EAE}.Debug|Any CPU.ActiveCfg = Debug|Any CPU
		{05648105-20DB-4BF0-B632-238C0F1A7EAE}.Debug|Any CPU.Build.0 = Debug|Any CPU
		{05648105-20DB-4BF0-B632-238C0F1A7EAE}.Release|Any CPU.ActiveCfg = Release|Any CPU
		{05648105-20DB-4BF0-B632-238C0F1A7EAE}.Release|Any CPU.Build.0 = Release|Any CPU
		{28418D65-3D88-4F50-8BC3-F040B816A07F}.Debug|Any CPU.ActiveCfg = Debug|Any CPU
		{28418D65-3D88-4F50-8BC3-F040B816A07F}.Debug|Any CPU.Build.0 = Debug|Any CPU
		{28418D65-3D88-4F50-8BC3-F040B816A07F}.Release|Any CPU.ActiveCfg = Release|Any CPU
		{28418D65-3D88-4F50-8BC3-F040B816A07F}.Release|Any CPU.Build.0 = Release|Any CPU
		{031695FB-E653-49B6-A5B8-A75ABB7DFCB6}.Debug|Any CPU.ActiveCfg = Debug|Any CPU
		{031695FB-E653-49B6-A5B8-A75ABB7DFCB6}.Debug|Any CPU.Build.0 = Debug|Any CPU
		{031695FB-E653-49B6-A5B8-A75ABB7DFCB6}.Release|Any CPU.ActiveCfg = Release|Any CPU
		{031695FB-E653-49B6-A5B8-A75ABB7DFCB6}.Release|Any CPU.Build.0 = Release|Any CPU
		{B21CB160-4360-41DC-BD18-97C7254C5206}.Debug|Any CPU.ActiveCfg = Debug|Any CPU
		{B21CB160-4360-41DC-BD18-97C7254C5206}.Debug|Any CPU.Build.0 = Debug|Any CPU
		{B21CB160-4360-41DC-BD18-97C7254C5206}.Release|Any CPU.ActiveCfg = Release|Any CPU
		{B21CB160-4360-41DC-BD18-97C7254C5206}.Release|Any CPU.Build.0 = Release|Any CPU
		{7D189725-9061-48B8-9C76-FA5EA509DA65}.Debug|Any CPU.ActiveCfg = Debug|Any CPU
		{7D189725-9061-48B8-9C76-FA5EA509DA65}.Debug|Any CPU.Build.0 = Debug|Any CPU
		{7D189725-9061-48B8-9C76-FA5EA509DA65}.Release|Any CPU.ActiveCfg = Release|Any CPU
		{7D189725-9061-48B8-9C76-FA5EA509DA65}.Release|Any CPU.Build.0 = Release|Any CPU
		{33F90D68-51F1-49AD-A5DA-2F055BA22BD0}.Debug|Any CPU.ActiveCfg = Debug|Any CPU
		{33F90D68-51F1-49AD-A5DA-2F055BA22BD0}.Debug|Any CPU.Build.0 = Debug|Any CPU
		{33F90D68-51F1-49AD-A5DA-2F055BA22BD0}.Release|Any CPU.ActiveCfg = Release|Any CPU
		{33F90D68-51F1-49AD-A5DA-2F055BA22BD0}.Release|Any CPU.Build.0 = Release|Any CPU
		{2E285087-A763-42E8-82DE-48DD6B9323A2}.Debug|Any CPU.ActiveCfg = Debug|Any CPU
		{2E285087-A763-42E8-82DE-48DD6B9323A2}.Debug|Any CPU.Build.0 = Debug|Any CPU
		{2E285087-A763-42E8-82DE-48DD6B9323A2}.Release|Any CPU.ActiveCfg = Release|Any CPU
		{2E285087-A763-42E8-82DE-48DD6B9323A2}.Release|Any CPU.Build.0 = Release|Any CPU
		{4EA61110-1C68-4C5C-BD9F-DE543053D51F}.Debug|Any CPU.ActiveCfg = Debug|Any CPU
		{4EA61110-1C68-4C5C-BD9F-DE543053D51F}.Debug|Any CPU.Build.0 = Debug|Any CPU
		{4EA61110-1C68-4C5C-BD9F-DE543053D51F}.Release|Any CPU.ActiveCfg = Release|Any CPU
		{4EA61110-1C68-4C5C-BD9F-DE543053D51F}.Release|Any CPU.Build.0 = Release|Any CPU
	EndGlobalSection
	GlobalSection(SolutionProperties) = preSolution
		HideSolutionNode = FALSE
	EndGlobalSection
	GlobalSection(NestedProjects) = preSolution
		{05648105-20DB-4BF0-B632-238C0F1A7EAE} = {F08AF644-019C-4A53-9AE1-2A1FBCD12E7D}
		{28418D65-3D88-4F50-8BC3-F040B816A07F} = {F08AF644-019C-4A53-9AE1-2A1FBCD12E7D}
		{031695FB-E653-49B6-A5B8-A75ABB7DFCB6} = {F08AF644-019C-4A53-9AE1-2A1FBCD12E7D}
		{B21CB160-4360-41DC-BD18-97C7254C5206} = {F08AF644-019C-4A53-9AE1-2A1FBCD12E7D}
		{7D189725-9061-48B8-9C76-FA5EA509DA65} = {9EDB4E1F-25E4-43EC-A8F4-2775E08BAAB3}
		{33F90D68-51F1-49AD-A5DA-2F055BA22BD0} = {9EDB4E1F-25E4-43EC-A8F4-2775E08BAAB3}
		{2E285087-A763-42E8-82DE-48DD6B9323A2} = {9EDB4E1F-25E4-43EC-A8F4-2775E08BAAB3}
		{4EA61110-1C68-4C5C-BD9F-DE543053D51F} = {619BC5EE-2998-4200-B965-65F6D5F474E1}
	EndGlobalSection
	GlobalSection(ExtensibilityGlobals) = postSolution
		SolutionGuid = {9DADE780-48B8-4C12-B21F-54274BF92B55}
	EndGlobalSection
EndGlobal
